{
    "_meta": {
        "hash": {
            "sha256": "36b4d15ab997722625c5463b1a4e8164dfc3dd1788d6e7e90b62a7d7b5ed6a50"
        },
        "pipfile-spec": 6,
        "requires": {
            "python_version": "3.7"
        },
        "sources": [
            {
                "name": "pypi",
                "url": "https://pypi.org/simple",
                "verify_ssl": true
            }
        ]
    },
    "default": {
        "certifi": {
            "hashes": [],
            "version": "==2023.11.17"
        },
        "chardet": {
            "hashes": [],
            "version": "==5.2.0"
        },
        "idna": {
            "hashes": [],
            "version": "==3.6"
        },
        "requests": {
            "hashes": [],
            "version": "==2.31.0"
        },
        "urllib3": {
            "hashes": [],
            "version": "==2.1.0"
        }
    },
    "develop": {
        "attrs": {
            "hashes": [],
            "version": "==23.2.0"
        },
        "coverage": {
            "hashes": [],
            "version": "==7.4.0"
        },
        "exceptiongroup": {
            "hashes": [],
            "version": "==1.2.0"
        },
        "flake8": {
            "hashes": [],
            "version": "==7.0.0"
        },
        "importlib-metadata": {
            "hashes": [],
            "version": "==6.7.0"
        },
        "mccabe": {
            "hashes": [
                "sha256:348e0240c33b60bbdf4e523192ef919f28cb2c3d7d5c7794f74009290f236325",
                "sha256:6c2d30ab6be0e4a46919781807b4f0d834ebdd6c6e3dca0bda5a15f863427b6e"
            ],
            "markers": "python_version >= '3.6'",
            "version": "==0.7.0"
        },
        "packaging": {
            "hashes": [],
            "version": "==23.1"
        },
        "pluggy": {
            "hashes": [],
            "version": "==1.2.0"
        },
        "pycodestyle": {
            "hashes": [],
            "version": "==2.10.0"
        },
        "pyflakes": {
            "hashes": [],
            "version": "==3.0.1"
        },
        "pyparsing": {
            "hashes": [],
            "version": "==3.1.0"
        },
        "pytest": {
            "hashes": [],
            "version": "==7.4.0"
        },
        "pytest-cov": {
            "hashes": [],
            "version": "==4.1.0"
        },
        "pytest-mock": {
            "hashes": [],
            "version": "==3.11.1"
        },
        "tomli": {
            "hashes": [
                "sha256:939de3e7a6161af0c887ef91b7d41a53e7c5a1ca976325f429cb46ea9bc30ecc",
                "sha256:de526c12914f0c550d15924c62d72abc48d6fe7364aa87328337a31007fe8a4f"
            ],
            "markers": "python_version < '3.11'",
            "version": "==2.0.1"
        },
        "wcwidth": {
            "hashes": [],
            "version": "==0.2.6"
        },
        "zipp": {
            "hashes": [],
            "version": "==3.15.0"
        }
    }
}
