{
    "_meta": {
        "hash": {
            "sha256": "36b4d15ab997722625c5463b1a4e8164dfc3dd1788d6e7e90b62a7d7b5ed6a50"
        },
        "pipfile-spec": 6,
        "requires": {
            "python_version": "3.7"
        },
        "sources": [
            {
                "name": "pypi",
                "url": "https://pypi.org/simple",
                "verify_ssl": true
            }
        ]
    },
    "default": {
        "certifi": {
            "hashes": [],
            "version": "==2025.1.31"
        },
        "chardet": {
            "hashes": [],
            "version": "==5.2.0"
        },
        "idna": {
            "hashes": [],
            "version": "==3.10"
        },
        "requests": {
            "hashes": [],
            "version": "==2.32.3"
        },
        "urllib3": {
            "hashes": [],
            "version": "==2.4.0"
        }
    },
    "develop": {
        "attrs": {
            "hashes": [],
            "version": "==25.3.0"
        },
        "coverage": {
            "hashes": [],
            "version": "==7.8.0"
        },
        "exceptiongroup": {
            "hashes": [],
            "version": "==1.2.2"
        },
        "flake8": {
            "hashes": [],
            "version": "==7.2.0"
        },
        "importlib-metadata": {
            "hashes": [],
            "version": "==8.6.1"
        },
        "mccabe": {
            "hashes": [
                "sha256:348e0240c33b60bbdf4e523192ef919f28cb2c3d7d5c7794f74009290f236325",
                "sha256:6c2d30ab6be0e4a46919781807b4f0d834ebdd6c6e3dca0bda5a15f863427b6e"
            ],
            "markers": "python_version >= '3.6'",
            "version": "==0.7.0"
        },
        "packaging": {
            "hashes": [],
            "version": "==24.2"
        },
        "pluggy": {
            "hashes": [],
            "version": "==1.5.0"
        },
        "pycodestyle": {
            "hashes": [],
            "version": "==2.13.0"
        },
        "pyflakes": {
            "hashes": [],
            "version": "==3.3.2"
        },
        "pyparsing": {
            "hashes": [],
            "version": "==3.2.3"
        },
        "pytest": {
            "hashes": [],
            "version": "==8.3.5"
        },
        "pytest-cov": {
            "hashes": [],
            "version": "==6.0.0"
        },
        "pytest-mock": {
            "hashes": [],
            "version": "==3.14.0"
        },
        "tomli": {
            "hashes": [],
            "version": "==2.1.0"
        },
        "wcwidth": {
            "hashes": [],
            "version": "==0.2.13"
        },
        "zipp": {
            "hashes": [],
            "version": "==3.21.0"
        }
    }
}
